# THIS IS AN AUTOGENERATED FILE. DO NOT EDIT THIS FILE DIRECTLY.
# yarn lockfile v1


"@fontsource-variable/inter@5.2.8":
  version "5.2.8"
  resolved "https://registry.yarnpkg.com/@fontsource-variable/inter/-/inter-5.2.8.tgz#29b11476f5149f6a443b4df6516e26002d87941a"
  integrity sha512-kOfP2D+ykbcX/P3IFnokOhVRNoTozo5/JxhAIVYLpea/UBmCQ/YWPBfWIDuBImXX/15KH+eKh4xpEUyS2sQQGQ==

"@pagefind/darwin-arm64@1.5.2":
  version "1.5.2"
  resolved "https://registry.yarnpkg.com/@pagefind/darwin-arm64/-/darwin-arm64-1.5.2.tgz#965152ffc22bccd8299e065f7cfbc6869a1bffe0"
  integrity sha512-MXpI+7HsAdPkvJ0gk9xj9g541BCqBZOBbdwj9g6lB5LCj6kSV6nqDSjzcAJwvOsfu0fjwvC8hQU+ecfhp+MpiQ==

"@pagefind/darwin-x64@1.5.2":
  version "1.5.2"
  resolved "https://registry.yarnpkg.com/@pagefind/darwin-x64/-/darwin-x64-1.5.2.tgz#b5b9b47673caf7b280891154e2a475abc499fadd"
  integrity sha512-IojxFWMEJe0RQ7PQ3KXQsPIImNsbpPYpoZ+QUDrL8fAl/O27IX+LVLs74/UzEZy5uA2LD8Nz1AiwKr72vrkZQw==

"@pagefind/freebsd-x64@1.5.2":
  version "1.5.2"
  resolved "https://registry.yarnpkg.com/@pagefind/freebsd-x64/-/freebsd-x64-1.5.2.tgz#cf6e279d938c2368731bb6558bf8f66a0c80a269"
  integrity sha512-7EVzo9+0w+2cbe671BtMj10UlNo83I+HrLVLfRxO731svHRJKUfJ/mo05gU14pe9PCfpKNQT8FS3Xc/oDN6pOA==

"@pagefind/linux-arm64@1.5.2":
  version "1.5.2"
  resolved "https://registry.yarnpkg.com/@pagefind/linux-arm64/-/linux-arm64-1.5.2.tgz#8b22cfc1a34c59033c5bd66676b7a86efba0f5f4"
  integrity sha512-Ovt9+K35sqzn8H3ZMXGwls4TD/wMJuvRtShHIsmUQREmaxjrDEX7gHckRCrwYJ4XE1H1p6HkLz3wukrAnsfXQw==

"@pagefind/linux-x64@1.5.2":
  version "1.5.2"
  resolved "https://registry.yarnpkg.com/@pagefind/linux-x64/-/linux-x64-1.5.2.tgz#a733d1c0a9d905311f69f8868771c0cc42909fe4"
  integrity sha512-V+tFqHKXhQKq/WqPBD67AFy7scn1/aZID00ws4fSDd+1daSi5UHR9VVlRrOUYKxn3VuFQYRD7lYXdZK1WED1YA==

"@pagefind/windows-arm64@1.5.2":
  version "1.5.2"
  resolved "https://registry.yarnpkg.com/@pagefind/windows-arm64/-/windows-arm64-1.5.2.tgz#6d6cb395a56136a92b91c0bd866f7fec3b0bbe7c"
  integrity sha512-hN9Nh90fNW61nNRCW9ZyQrAj/mD0eRvmJ8NlTUzkbuW8kIzGJUi3cxjFkEcMZ5h/8FsKWD/VcouZl4yo1F7B6g==

"@pagefind/windows-x64@1.5.2":
  version "1.5.2"
  resolved "https://registry.yarnpkg.com/@pagefind/windows-x64/-/windows-x64-1.5.2.tgz#931fdbc9f00f72057950cd260ef965d4fd02a92e"
  integrity sha512-Fa2Iyw7kaDRzGMfNYNUXNW2zbL5FQVDgSOcbDHdzBrDEdpqOqg8TcZ68F22ol6NJ9IGzvUdmeyZypLW5dyhqsg==

highlight.js@11.11.1:
  version "11.11.1"
  resolved "https://registry.yarnpkg.com/highlight.js/-/highlight.js-11.11.1.tgz#fca06fa0e5aeecf6c4d437239135fabc15213585"
  integrity sha512-Xwwo44whKBVCYoliBQwaPvtd/2tYFkRQtXDWj1nackaV2JPXx3L0+Jvd8/qCJ2p+ML0/XVkJ2q+Mr+UVdpJK5w==

pagefind@1.5.2:
  version "1.5.2"
  resolved "https://registry.yarnpkg.com/pagefind/-/pagefind-1.5.2.tgz#447dd80018d7fd0c2924a56639f7b72bbbd1f165"
  integrity sha512-XTUaK0hXMCu2jszWE584JGQT7y284TmMV9l/HX3rnG5uo3rHI/uHU56XTyyyPFjeWEBxECbAi0CaFDJOONtG0Q==
  optionalDependencies:
    "@pagefind/darwin-arm64" "1.5.2"
    "@pagefind/darwin-x64" "1.5.2"
    "@pagefind/freebsd-x64" "1.5.2"
    "@pagefind/linux-arm64" "1.5.2"
    "@pagefind/linux-x64" "1.5.2"
    "@pagefind/windows-arm64" "1.5.2"
    "@pagefind/windows-x64" "1.5.2"
